{
  "nodes": {
    "nixpkgs": {
      "locked": {
        "lastModified": 1774106933,
        "narHash": "sha256-byrdFSN7GTdJpRwcoLNgPZE0XK4tPmCVPJ5P4XaxQpg=",
        "owner": "nixos",
        "repo": "nixpkgs",
        "rev": "3fb5085b76f2ecd84183d01a831bf6f0c32e0b6f",
        "type": "github"
      },
      "original": {
        "owner": "nixos",
        "ref": "release-25.11",
        "repo": "nixpkgs",
        "type": "github"
      }
    },
    "root": {
      "inputs": {
        "nixpkgs": "nixpkgs",
        "root": "root_2"
      }
    },
    "root_2": {
      "inputs": {
        "nixpkgs": [
          "nixpkgs"
        ]
      },
      "locked": {
        "lastModified": 1769797395,
        "narHash": "sha256-QkPl/Rgk9DXgaVNhjvHHHjy5e81j+MzcVOouZRdUTLA=",
        "owner": "openclaw",
        "repo": "nix-steipete-tools",
        "rev": "dbf0a31a57407d9140e32357ea8d0215bd9feed9",
        "type": "github"
      },
      "original": {
        "narHash": "sha256-QkPl/Rgk9DXgaVNhjvHHHjy5e81j+MzcVOouZRdUTLA=",
        "owner": "openclaw",
        "repo": "nix-steipete-tools",
        "rev": "dbf0a31a57407d9140e32357ea8d0215bd9feed9",
        "type": "github"
      }
    }
  },
  "root": "root",
  "version": 7
}
